
Microsoft Visual Studio Solution File, Format Version 12.00
# Visual Studio Version 17
VisualStudioVersion = 17.5.33627.172
MinimumVisualStudioVersion = 10.0.40219.1
Project("{8BC9CEB8-8B4A-11D0-8D11-00A0C91BC942}") = "MT3_02_02", "MT3_02_02.vcxproj", "{632B4EDF-8649-4764-9A3E-AE2C211C4F29}"
EndProject
Global
	GlobalSection(SolutionConfigurationPlatforms) = preSolution
		Debug|x64 = Debug|x64
		Release|x64 = Release|x64
	EndGlobalSection
	GlobalSection(ProjectConfigurationPlatforms) = postSolution
		{632B4EDF-8649-4764-9A3E-AE2C211C4F29}.Debug|x64.ActiveCfg = Debug|x64
		{632B4EDF-8649-4764-9A3E-AE2C211C4F29}.Debug|x64.Build.0 = Debug|x64
		{632B4EDF-8649-4764-9A3E-AE2C211C4F29}.Release|x64.ActiveCfg = Release|x64
		{632B4EDF-8649-4764-9A3E-AE2C211C4F29}.Release|x64.Build.0 = Release|x64
	EndGlobalSection
	GlobalSection(SolutionProperties) = preSolution
		HideSolutionNode = FALSE
	EndGlobalSection
	GlobalSection(ExtensibilityGlobals) = postSolution
		SolutionGuid = {9471C9A8-4B91-4E4C-8587-76EDA0C27480}
	EndGlobalSection
EndGlobal
